
Microsoft Visual Studio Solution File, Format Version 12.00
# Visual Studio Version 16
VisualStudioVersion = 16.0.809.4
MinimumVisualStudioVersion = 10.0.40219.1
Project("{FAE04EC0-301F-11D3-BF4B-00C04F79EFBC}") = "GameTest", "GameTest.csproj", "{B4527B03-999E-46F5-8BB1-B65007814E21}"
EndProject
Global
	GlobalSection(SolutionConfigurationPlatforms) = preSolution
		Debug|Any CPU = Debug|Any CPU
		Release|Any CPU = Release|Any CPU
	EndGlobalSection
	GlobalSection(ProjectConfigurationPlatforms) = postSolution
		{B4527B03-999E-46F5-8BB1-B65007814E21}.Debug|Any CPU.ActiveCfg = Debug|Any CPU
		{B4527B03-999E-46F5-8BB1-B65007814E21}.Debug|Any CPU.Build.0 = Debug|Any CPU
		{B4527B03-999E-46F5-8BB1-B65007814E21}.Release|Any CPU.ActiveCfg = Release|Any CPU
		{B4527B03-999E-46F5-8BB1-B65007814E21}.Release|Any CPU.Build.0 = Release|Any CPU
	EndGlobalSection
	GlobalSection(SolutionProperties) = preSolution
		HideSolutionNode = FALSE
	EndGlobalSection
	GlobalSection(ExtensibilityGlobals) = postSolution
		SolutionGuid = {DBCDC0DC-89C0-4E13-892B-C6FE46DDA26E}
	EndGlobalSection
EndGlobal
