
Microsoft Visual Studio Solution File, Format Version 12.00
# Visual Studio Version 16
VisualStudioVersion = 16.0.30907.101
MinimumVisualStudioVersion = 10.0.40219.1
Project("{FAE04EC0-301F-11D3-BF4B-00C04F79EFBC}") = "Palingenesis", "Palingenesis\Palingenesis.csproj", "{03E4377A-0F4B-4B6A-8869-1E3A5DA22A1D}"
EndProject
Global
	GlobalSection(SolutionConfigurationPlatforms) = preSolution
		Debug|Any CPU = Debug|Any CPU
		Release|Any CPU = Release|Any CPU
	EndGlobalSection
	GlobalSection(ProjectConfigurationPlatforms) = postSolution
		{03E4377A-0F4B-4B6A-8869-1E3A5DA22A1D}.Debug|Any CPU.ActiveCfg = Debug|Any CPU
		{03E4377A-0F4B-4B6A-8869-1E3A5DA22A1D}.Debug|Any CPU.Build.0 = Debug|Any CPU
		{03E4377A-0F4B-4B6A-8869-1E3A5DA22A1D}.Release|Any CPU.ActiveCfg = Release|Any CPU
		{03E4377A-0F4B-4B6A-8869-1E3A5DA22A1D}.Release|Any CPU.Build.0 = Release|Any CPU
	EndGlobalSection
	GlobalSection(SolutionProperties) = preSolution
		HideSolutionNode = FALSE
	EndGlobalSection
	GlobalSection(ExtensibilityGlobals) = postSolution
		SolutionGuid = {4E38A56C-FECA-4F4E-BD13-901247580575}
	EndGlobalSection
EndGlobal
